
Microsoft Visual Studio Solution File, Format Version 11.00
# Visual Studio 2010
Project("{8BC9CEB8-8B4A-11D0-8D11-00A0C91BC942}") = "osplib", "osplib_vs2010.vcxproj", "{89127729-F71D-406B-B9D0-5E4D797781CC}"
EndProject
Project("{8BC9CEB8-8B4A-11D0-8D11-00A0C91BC942}") = "ospdll", "ospdll_vs2010.vcxproj", "{82BA1DFB-6AA0-4420-91D4-B8712C64B99D}"
EndProject
Global
	GlobalSection(SolutionConfigurationPlatforms) = preSolution
		Debug|Win32 = Debug|Win32
		Debug|x64 = Debug|x64
		Release|Win32 = Release|Win32
		Release|x64 = Release|x64
	EndGlobalSection
	GlobalSection(ProjectConfigurationPlatforms) = postSolution
		{89127729-F71D-406B-B9D0-5E4D797781CC}.Debug|Win32.ActiveCfg = Debug|Win32
		{89127729-F71D-406B-B9D0-5E4D797781CC}.Debug|Win32.Build.0 = Debug|Win32
		{89127729-F71D-406B-B9D0-5E4D797781CC}.Debug|x64.ActiveCfg = Debug|x64
		{89127729-F71D-406B-B9D0-5E4D797781CC}.Debug|x64.Build.0 = Debug|x64
		{89127729-F71D-406B-B9D0-5E4D797781CC}.Release|Win32.ActiveCfg = Release|Win32
		{89127729-F71D-406B-B9D0-5E4D797781CC}.Release|Win32.Build.0 = Release|Win32
		{89127729-F71D-406B-B9D0-5E4D797781CC}.Release|x64.ActiveCfg = Release|x64
		{89127729-F71D-406B-B9D0-5E4D797781CC}.Release|x64.Build.0 = Release|x64
		{82BA1DFB-6AA0-4420-91D4-B8712C64B99D}.Debug|Win32.ActiveCfg = Debug|Win32
		{82BA1DFB-6AA0-4420-91D4-B8712C64B99D}.Debug|Win32.Build.0 = Debug|Win32
		{82BA1DFB-6AA0-4420-91D4-B8712C64B99D}.Debug|x64.ActiveCfg = Debug|x64
		{82BA1DFB-6AA0-4420-91D4-B8712C64B99D}.Debug|x64.Build.0 = Debug|x64
		{82BA1DFB-6AA0-4420-91D4-B8712C64B99D}.Release|Win32.ActiveCfg = Release|Win32
		{82BA1DFB-6AA0-4420-91D4-B8712C64B99D}.Release|Win32.Build.0 = Release|Win32
		{82BA1DFB-6AA0-4420-91D4-B8712C64B99D}.Release|x64.ActiveCfg = Release|x64
		{82BA1DFB-6AA0-4420-91D4-B8712C64B99D}.Release|x64.Build.0 = Release|x64
	EndGlobalSection
	GlobalSection(SolutionProperties) = preSolution
		HideSolutionNode = FALSE
	EndGlobalSection
EndGlobal
