<?xml version="1.0" encoding="utf-8"?>
<Project ToolsVersion="4.0" xmlns="http://schemas.microsoft.com/developer/msbuild/2003">
  <ItemGroup>
    <Filter Include="源文件">
      <UniqueIdentifier>{4FC737F1-C7A5-4376-A066-2A32D752A2FF}</UniqueIdentifier>
      <Extensions>cpp;c;cc;cxx;def;odl;idl;hpj;bat;asm;asmx</Extensions>
    </Filter>
    <Filter Include="头文件">
      <UniqueIdentifier>{93995380-89BD-4b04-88EB-625FBE52EBFB}</UniqueIdentifier>
      <Extensions>h;hpp;hxx;hm;inl;inc;xsd</Extensions>
    </Filter>
    <Filter Include="资源文件">
      <UniqueIdentifier>{67DA6AB6-F800-4c08-8B7A-83BB121AAD01}</UniqueIdentifier>
      <Extensions>rc;ico;cur;bmp;dlg;rc2;rct;bin;rgs;gif;jpg;jpeg;jpe;resx;tiff;tif;png;wav;mfcribbon-ms</Extensions>
    </Filter>
    <Filter Include="zlib">
      <UniqueIdentifier>{426499db-9e54-47c6-8cac-c4d36149da48}</UniqueIdentifier>
    </Filter>
    <Filter Include="common">
      <UniqueIdentifier>{bac9e9d5-9b56-4092-b82d-2145dc37fd79}</UniqueIdentifier>
    </Filter>
  </ItemGroup>
  <ItemGroup>
    <None Include="ReadMe.txt" />
  </ItemGroup>
  <ItemGroup>
    <ClCompile Include="..\src\zlib\adler32.c">
      <Filter>zlib</Filter>
    </ClCompile>
    <ClCompile Include="..\src\zlib\compress.c">
      <Filter>zlib</Filter>
    </ClCompile>
    <ClCompile Include="..\src\zlib\crc32.c">
      <Filter>zlib</Filter>
    </ClCompile>
    <ClCompile Include="..\src\zlib\deflate.c">
      <Filter>zlib</Filter>
    </ClCompile>
    <ClCompile Include="..\src\zlib\infback.c">
      <Filter>zlib</Filter>
    </ClCompile>
    <ClCompile Include="..\src\zlib\inffast.c">
      <Filter>zlib</Filter>
    </ClCompile>
    <ClCompile Include="..\src\zlib\inflate.c">
      <Filter>zlib</Filter>
    </ClCompile>
    <ClCompile Include="..\src\zlib\inftrees.c">
      <Filter>zlib</Filter>
    </ClCompile>
    <ClCompile Include="..\src\zlib\trees.c">
      <Filter>zlib</Filter>
    </ClCompile>
    <ClCompile Include="..\src\zlib\zutil.c">
      <Filter>zlib</Filter>
    </ClCompile>
    <ClCompile Include="..\src\osplog.cpp">
      <Filter>源文件</Filter>
    </ClCompile>
    <ClCompile Include="..\src\ospnodeman.cpp">
      <Filter>源文件</Filter>
    </ClCompile>
    <ClCompile Include="..\src\osppost.cpp">
      <Filter>源文件</Filter>
    </ClCompile>
    <ClCompile Include="..\src\ospsch.cpp">
      <Filter>源文件</Filter>
    </ClCompile>
    <ClCompile Include="..\src\ospteleserver.cpp">
      <Filter>源文件</Filter>
    </ClCompile>
    <ClCompile Include="..\src\osptest.cpp">
      <Filter>源文件</Filter>
    </ClCompile>
    <ClCompile Include="..\src\osptestagent.cpp">
      <Filter>源文件</Filter>
    </ClCompile>
    <ClCompile Include="..\src\osptimer.cpp">
      <Filter>源文件</Filter>
    </ClCompile>
    <ClCompile Include="..\src\osputil.cpp">
      <Filter>源文件</Filter>
    </ClCompile>
    <ClCompile Include="..\src\ospvos.cpp">
      <Filter>源文件</Filter>
    </ClCompile>
  </ItemGroup>
  <ItemGroup>
    <ClInclude Include="..\src\zlib\crc32.h">
      <Filter>zlib</Filter>
    </ClInclude>
    <ClInclude Include="..\src\zlib\deflate.h">
      <Filter>zlib</Filter>
    </ClInclude>
    <ClInclude Include="..\src\zlib\inffast.h">
      <Filter>zlib</Filter>
    </ClInclude>
    <ClInclude Include="..\src\zlib\inffixed.h">
      <Filter>zlib</Filter>
    </ClInclude>
    <ClInclude Include="..\src\zlib\inflate.h">
      <Filter>zlib</Filter>
    </ClInclude>
    <ClInclude Include="..\src\zlib\inftrees.h">
      <Filter>zlib</Filter>
    </ClInclude>
    <ClInclude Include="..\src\zlib\trees.h">
      <Filter>zlib</Filter>
    </ClInclude>
    <ClInclude Include="..\src\zlib\zconf.h">
      <Filter>zlib</Filter>
    </ClInclude>
    <ClInclude Include="..\src\zlib\zconf.in.h">
      <Filter>zlib</Filter>
    </ClInclude>
    <ClInclude Include="..\src\zlib\zlib.h">
      <Filter>zlib</Filter>
    </ClInclude>
    <ClInclude Include="..\src\zlib\zutil.h">
      <Filter>zlib</Filter>
    </ClInclude>
    <ClInclude Include="..\include\osplog.h">
      <Filter>头文件</Filter>
    </ClInclude>
    <ClInclude Include="..\include\ospnodeman.h">
      <Filter>头文件</Filter>
    </ClInclude>
    <ClInclude Include="..\include\osppost.h">
      <Filter>头文件</Filter>
    </ClInclude>
    <ClInclude Include="..\include\ospsch.h">
      <Filter>头文件</Filter>
    </ClInclude>
    <ClInclude Include="..\include\ospteleserver.h">
      <Filter>头文件</Filter>
    </ClInclude>
    <ClInclude Include="..\include\osptest.h">
      <Filter>头文件</Filter>
    </ClInclude>
    <ClInclude Include="..\include\osptestagent.h">
      <Filter>头文件</Filter>
    </ClInclude>
    <ClInclude Include="..\include\osptimer.h">
      <Filter>头文件</Filter>
    </ClInclude>
    <ClInclude Include="..\include\osptool.h">
      <Filter>头文件</Filter>
    </ClInclude>
    <ClInclude Include="..\include\ospvos.h">
      <Filter>头文件</Filter>
    </ClInclude>
    <ClInclude Include="..\include\zconf.h">
      <Filter>头文件</Filter>
    </ClInclude>
    <ClInclude Include="..\include\zlib.h">
      <Filter>头文件</Filter>
    </ClInclude>
    <ClInclude Include="..\src\osplog_private.h">
      <Filter>源文件</Filter>
    </ClInclude>
    <ClInclude Include="..\..\..\10-Common\include\cbb\kdvtype.h">
      <Filter>common</Filter>
    </ClInclude>
    <ClInclude Include="..\..\..\10-Common\include\cbb\osp.h">
      <Filter>common</Filter>
    </ClInclude>
  </ItemGroup>
</Project>