
Microsoft Visual Studio Solution File, Format Version 11.00
# Visual Studio 2010
Project("{8BC9CEB8-8B4A-11D0-8D11-00A0C91BC942}") = "dataswitch_vs2010", "dataswitch_vs2010.vcxproj", "{DFE17ED6-6A4B-4369-A85F-F260E476F03D}"
EndProject
Project("{8BC9CEB8-8B4A-11D0-8D11-00A0C91BC942}") = "kdvmedianet", "..\..\kdvmedianet\prj_win\kdvmedianet_vs2010.vcxproj", "{5016B443-17C6-4CC5-84ED-1CB4ABE19947}"
EndProject
Global
	GlobalSection(SolutionConfigurationPlatforms) = preSolution
		Debug|Win32 = Debug|Win32
		Debug|x64 = Debug|x64
		Release|Win32 = Release|Win32
		Release|x64 = Release|x64
	EndGlobalSection
	GlobalSection(ProjectConfigurationPlatforms) = postSolution
		{DFE17ED6-6A4B-4369-A85F-F260E476F03D}.Debug|Win32.ActiveCfg = Debug|Win32
		{DFE17ED6-6A4B-4369-A85F-F260E476F03D}.Debug|Win32.Build.0 = Debug|Win32
		{DFE17ED6-6A4B-4369-A85F-F260E476F03D}.Debug|x64.ActiveCfg = Debug|x64
		{DFE17ED6-6A4B-4369-A85F-F260E476F03D}.Debug|x64.Build.0 = Debug|x64
		{DFE17ED6-6A4B-4369-A85F-F260E476F03D}.Release|Win32.ActiveCfg = Release|Win32
		{DFE17ED6-6A4B-4369-A85F-F260E476F03D}.Release|Win32.Build.0 = Release|Win32
		{DFE17ED6-6A4B-4369-A85F-F260E476F03D}.Release|x64.ActiveCfg = Release|x64
		{DFE17ED6-6A4B-4369-A85F-F260E476F03D}.Release|x64.Build.0 = Release|x64
		{5016B443-17C6-4CC5-84ED-1CB4ABE19947}.Debug|Win32.ActiveCfg = Debug|Win32
		{5016B443-17C6-4CC5-84ED-1CB4ABE19947}.Debug|Win32.Build.0 = Debug|Win32
		{5016B443-17C6-4CC5-84ED-1CB4ABE19947}.Debug|x64.ActiveCfg = Debug|x64
		{5016B443-17C6-4CC5-84ED-1CB4ABE19947}.Debug|x64.Build.0 = Debug|x64
		{5016B443-17C6-4CC5-84ED-1CB4ABE19947}.Release|Win32.ActiveCfg = Release|Win32
		{5016B443-17C6-4CC5-84ED-1CB4ABE19947}.Release|Win32.Build.0 = Release|Win32
		{5016B443-17C6-4CC5-84ED-1CB4ABE19947}.Release|x64.ActiveCfg = Release|x64
		{5016B443-17C6-4CC5-84ED-1CB4ABE19947}.Release|x64.Build.0 = Release|x64
	EndGlobalSection
	GlobalSection(SolutionProperties) = preSolution
		HideSolutionNode = FALSE
	EndGlobalSection
EndGlobal
